{
  "requires": true,
  "lockfileVersion": 1,
  "dependencies": {
    "lcd": {
      "version": "2.0.4",
      "resolved": "https://registry.npmjs.org/lcd/-/lcd-2.0.4.tgz",
      "integrity": "sha512-GIRKFlLyADKEoN2PlwnqvFQ2yrYXbwuYrzdOGV8P8fB/InTi2/AD81J2IycZiI3mZW9LH60dUmyX+YfNwwmMhg==",
      "requires": {
        "mutexify": "^1.2.0",
        "onoff": "^3.2.2"
      }
    },
    "mutexify": {
      "version": "1.2.0",
      "resolved": "https://registry.npmjs.org/mutexify/-/mutexify-1.2.0.tgz",
      "integrity": "sha512-oprzxd2zhfrJqEuB98qc1dRMMonClBQ57UPDjnbcrah4orEMTq1jq3+AcdFe5ePzdbJXI7zmdhfftIdMnhYFoQ=="
    },
    "onoff": {
      "version": "3.2.2",
      "resolved": "https://registry.npmjs.org/onoff/-/onoff-3.2.2.tgz",
      "integrity": "sha1-8tURjCnW4R751Ka2CqwWCjA0J6I=",
      "requires": {
        "epoll": "^2.0.4",
        "lodash.debounce": "^4.0.8"
      },
      "dependencies": {
        "epoll": {
          "version": "2.0.6",
          "resolved": "https://registry.npmjs.org/epoll/-/epoll-2.0.6.tgz",
          "integrity": "sha1-gfOFYPj+tb7b4IPrN7Do2D8WMyA=",
          "requires": {
            "bindings": "^1.3.0",
            "nan": "^2.11.1"
          },
          "dependencies": {
            "bindings": {
              "version": "1.3.1",
              "resolved": "https://registry.npmjs.org/bindings/-/bindings-1.3.1.tgz",
              "integrity": "sha1-Ifx8bWfBhRbsWqooFbFF/3eybqU="
            },
            "nan": {
              "version": "2.11.1",
              "resolved": "https://registry.npmjs.org/nan/-/nan-2.11.1.tgz",
              "integrity": "sha1-kOIrzLjKV+pM03zIPTgZtS7qZ2Y="
            }
          }
        },
        "lodash.debounce": {
          "version": "4.0.8",
          "resolved": "https://registry.npmjs.org/lodash.debounce/-/lodash.debounce-4.0.8.tgz",
          "integrity": "sha1-gteb/zCmfEAF/9XiUVMArZyk168="
        }
      }
    },
    "os": {
      "version": "0.1.1",
      "resolved": "https://registry.npmjs.org/os/-/os-0.1.1.tgz",
      "integrity": "sha1-IIhF6J4ZOtTZcUdLk5R3NqVtE/M="
    },
    "pigpio": {
      "version": "1.2.0",
      "resolved": "https://registry.npmjs.org/pigpio/-/pigpio-1.2.0.tgz",
      "integrity": "sha1-OLErY6l/p+NmVi/3JYMdRS/0wqE=",
      "requires": {
        "bindings": "^1.3.0",
        "nan": "^2.11.1"
      },
      "dependencies": {
        "bindings": {
          "version": "1.3.1",
          "resolved": "https://registry.npmjs.org/bindings/-/bindings-1.3.1.tgz",
          "integrity": "sha1-Ifx8bWfBhRbsWqooFbFF/3eybqU="
        },
        "nan": {
          "version": "2.11.1",
          "resolved": "https://registry.npmjs.org/nan/-/nan-2.11.1.tgz",
          "integrity": "sha1-kOIrzLjKV+pM03zIPTgZtS7qZ2Y="
        }
      }
    },
    "readline": {
      "version": "1.3.0",
      "resolved": "https://registry.npmjs.org/readline/-/readline-1.3.0.tgz",
      "integrity": "sha1-xYDXfvLPyHUrEySYBg3JeTp6wBw="
    },
    "stepper-wiringpi": {
      "version": "0.0.2",
      "resolved": "https://registry.npmjs.org/stepper-wiringpi/-/stepper-wiringpi-0.0.2.tgz",
      "integrity": "sha1-bMlw2VQ3ospN9UxItHyLNZjXGOs=",
      "requires": {
        "wiring-pi": "^2.1.1"
      },
      "dependencies": {
        "wiring-pi": {
          "version": "2.2.1",
          "resolved": "https://registry.npmjs.org/wiring-pi/-/wiring-pi-2.2.1.tgz",
          "integrity": "sha1-z5FzH9AQv8hZSIkGTE8Ok3To3dQ="
        }
      }
    },
    "wiringpi-node": {
      "version": "2.4.4",
      "resolved": "https://registry.npmjs.org/wiringpi-node/-/wiringpi-node-2.4.4.tgz",
      "integrity": "sha1-IQ5us5G3247SdzdyntSTUByga4k="
    }
  }
}
